
Microsoft Visual Studio Solution File, Format Version 12.00
# Visual Studio 14
VisualStudioVersion = 14.0.23107.0
MinimumVisualStudioVersion = 10.0.40219.1
Project("{FAE04EC0-301F-11D3-BF4B-00C04F79EFBC}") = "LibLoader", "LibLoader.csproj", "{FA566A59-B149-4CB5-AB2D-D860F57152FD}"
EndProject
Project("{FAE04EC0-301F-11D3-BF4B-00C04F79EFBC}") = "LibLoadTests", "..\LibLoadTests\LibLoadTests.csproj", "{2449E77F-6B7D-4D75-8EED-F1209957CB56}"
EndProject
Global
	GlobalSection(SolutionConfigurationPlatforms) = preSolution
		Debug|Any CPU = Debug|Any CPU
		Release|Any CPU = Release|Any CPU
	EndGlobalSection
	GlobalSection(ProjectConfigurationPlatforms) = postSolution
		{FA566A59-B149-4CB5-AB2D-D860F57152FD}.Debug|Any CPU.ActiveCfg = Debug|Any CPU
		{FA566A59-B149-4CB5-AB2D-D860F57152FD}.Debug|Any CPU.Build.0 = Debug|Any CPU
		{FA566A59-B149-4CB5-AB2D-D860F57152FD}.Release|Any CPU.ActiveCfg = Release|Any CPU
		{FA566A59-B149-4CB5-AB2D-D860F57152FD}.Release|Any CPU.Build.0 = Release|Any CPU
		{2449E77F-6B7D-4D75-8EED-F1209957CB56}.Debug|Any CPU.ActiveCfg = Debug|Any CPU
		{2449E77F-6B7D-4D75-8EED-F1209957CB56}.Debug|Any CPU.Build.0 = Debug|Any CPU
		{2449E77F-6B7D-4D75-8EED-F1209957CB56}.Release|Any CPU.ActiveCfg = Release|Any CPU
		{2449E77F-6B7D-4D75-8EED-F1209957CB56}.Release|Any CPU.Build.0 = Release|Any CPU
	EndGlobalSection
	GlobalSection(SolutionProperties) = preSolution
		HideSolutionNode = FALSE
	EndGlobalSection
EndGlobal
